
Microsoft Visual Studio Solution File, Format Version 12.00
# Visual Studio Version 16
VisualStudioVersion = 16.0.31702.278
MinimumVisualStudioVersion = 10.0.40219.1
Project("{FAE04EC0-301F-11D3-BF4B-00C04F79EFBC}") = "WebApplication6", "WebApplication6\WebApplication6.csproj", "{44408E66-0F58-49ED-8017-C4DF13E883FC}"
EndProject
Global
	GlobalSection(SolutionConfigurationPlatforms) = preSolution
		Debug|Any CPU = Debug|Any CPU
		Release|Any CPU = Release|Any CPU
	EndGlobalSection
	GlobalSection(ProjectConfigurationPlatforms) = postSolution
		{44408E66-0F58-49ED-8017-C4DF13E883FC}.Debug|Any CPU.ActiveCfg = Debug|Any CPU
		{44408E66-0F58-49ED-8017-C4DF13E883FC}.Debug|Any CPU.Build.0 = Debug|Any CPU
		{44408E66-0F58-49ED-8017-C4DF13E883FC}.Release|Any CPU.ActiveCfg = Release|Any CPU
		{44408E66-0F58-49ED-8017-C4DF13E883FC}.Release|Any CPU.Build.0 = Release|Any CPU
	EndGlobalSection
	GlobalSection(SolutionProperties) = preSolution
		HideSolutionNode = FALSE
	EndGlobalSection
	GlobalSection(ExtensibilityGlobals) = postSolution
		SolutionGuid = {0C6A8AC7-8087-439A-9BE7-606B74895774}
	EndGlobalSection
EndGlobal
